{
  "name": "gym-dashboard-server",
  "version": "1.0.0",
  "lockfileVersion": 3,
  "requires": true,
  "packages": {
    "": {
      "name": "gym-dashboard-server",
      "version": "1.0.0",
      "dependencies": {
        "@supabase/supabase-js": "^2.39.0",
        "cors": "^2.8.5",
        "dotenv": "^16.4.5",
        "express": "^4.19.2",
        "jsonwebtoken": "^9.0.3",
        "jwks-rsa": "^3.2.2",
        "uuid": "^14.0.1"
      }
    },
    "../node_modules/.pnpm/cors@2.8.6/node_modules/cors": {
      "version": "2.8.6",
      "license": "MIT",
      "dependencies": {
        "object-assign": "^4",
        "vary": "^1"
      },
      "devDependencies": {
        "after": "0.8.2",
        "eslint": "7.30.0",
        "express": "4.21.2",
        "mocha": "9.2.2",
        "nyc": "15.1.0",
        "supertest": "6.1.3"
      },
      "engines": {
        "node": ">= 0.10"
      },
      "funding": {
        "type": "opencollective",
        "url": "https://opencollective.com/express"
      }
    },
    "../node_modules/.pnpm/dotenv@16.6.1/node_modules/dotenv": {
      "version": "16.6.1",
      "license": "BSD-2-Clause",
      "devDependencies": {
        "@types/node": "^18.11.3",
        "decache": "^4.6.2",
        "sinon": "^14.0.1",
        "standard": "^17.0.0",
        "standard-version": "^9.5.0",
        "tap": "^19.2.0",
        "typescript": "^4.8.4"
      },
      "engines": {
        "node": ">=12"
      },
      "funding": {
        "url": "https://dotenvx.com"
      }
    },
    "../node_modules/.pnpm/express@4.22.2/node_modules/express": {
      "version": "4.22.2",
      "license": "MIT",
      "dependencies": {
        "accepts": "~1.3.8",
        "array-flatten": "1.1.1",
        "body-parser": "~1.20.5",
        "content-disposition": "~0.5.4",
        "content-type": "~1.0.4",
        "cookie": "~0.7.1",
        "cookie-signature": "~1.0.6",
        "debug": "2.6.9",
        "depd": "2.0.0",
        "encodeurl": "~2.0.0",
        "escape-html": "~1.0.3",
        "etag": "~1.8.1",
        "finalhandler": "~1.3.1",
        "fresh": "~0.5.2",
        "http-errors": "~2.0.0",
        "merge-descriptors": "1.0.3",
        "methods": "~1.1.2",
        "on-finished": "~2.4.1",
        "parseurl": "~1.3.3",
        "path-to-regexp": "~0.1.12",
        "proxy-addr": "~2.0.7",
        "qs": "~6.15.1",
        "range-parser": "~1.2.1",
        "safe-buffer": "5.2.1",
        "send": "~0.19.0",
        "serve-static": "~1.16.2",
        "setprototypeof": "1.2.0",
        "statuses": "~2.0.1",
        "type-is": "~1.6.18",
        "utils-merge": "1.0.1",
        "vary": "~1.1.2"
      },
      "devDependencies": {
        "after": "0.8.2",
        "connect-redis": "3.4.2",
        "cookie-parser": "1.4.6",
        "cookie-session": "2.0.0",
        "ejs": "3.1.9",
        "eslint": "8.47.0",
        "express-session": "1.17.2",
        "hbs": "4.2.0",
        "marked": "0.7.0",
        "method-override": "3.0.0",
        "mocha": "^6.2.2",
        "morgan": "1.10.0",
        "nyc": "^14.1.1",
        "pbkdf2-password": "1.2.1",
        "supertest": "^6.1.6",
        "vhost": "~3.0.2"
      },
      "engines": {
        "node": ">= 0.10.0"
      },
      "funding": {
        "type": "opencollective",
        "url": "https://opencollective.com/express"
      }
    },
    "../node_modules/.pnpm/sqlite@5.1.1/node_modules/sqlite": {
      "version": "5.1.1",
      "extraneous": true,
      "license": "MIT",
      "devDependencies": {
        "@theo.gravity/changelog-version": "2.1.11",
        "@theo.gravity/version-bump": "2.0.14",
        "@types/jest": "27.4.1",
        "@types/node": "^17.0.25",
        "@types/sqlite3": "^3.1.8",
        "@typescript-eslint/eslint-plugin": "^5.20.0",
        "@typescript-eslint/parser": "^5.20.0",
        "eslint": "8.14.0",
        "git-commit-stamper": "^1.0.10",
        "jest": "27.5.1",
        "jest-cli": "27.5.1",
        "jest-junit-reporter": "1.1.0",
        "lint-staged": "12.4.0",
        "pre-commit": "1.2.2",
        "prettier-standard": "^15.0.1",
        "sql-template-strings": "^2.2.2",
        "sqlite3": "^5.1.6",
        "sqlite3-offline-next": "^5.0.3",
        "standardx": "^7.0.0",
        "toc-md-alt": "^0.4.6",
        "ts-jest": "27.1.4",
        "ts-node": "10.7.0",
        "ts-node-dev": "1.1.8",
        "typedoc": "^0.22.15",
        "typedoc-plugin-markdown": "^3.12.1",
        "typescript": "4.6.3",
        "version-bump-plugin-git": "^2.0.1"
      }
    },
    "../node_modules/.pnpm/sqlite3@5.1.7/node_modules/sqlite3": {
      "version": "5.1.7",
      "extraneous": true,
      "hasInstallScript": true,
      "license": "BSD-3-Clause",
      "dependencies": {
        "bindings": "^1.5.0",
        "node-addon-api": "^7.0.0",
        "prebuild-install": "^7.1.1",
        "tar": "^6.1.11"
      },
      "devDependencies": {
        "eslint": "8.56.0",
        "mocha": "10.2.0",
        "prebuild": "12.1.0"
      },
      "optionalDependencies": {
        "node-gyp": "8.x"
      },
      "peerDependencies": {
        "node-gyp": "8.x"
      },
      "peerDependenciesMeta": {
        "node-gyp": {
          "optional": true
        }
      }
    },
    "node_modules/@supabase/auth-js": {
      "version": "2.78.0",
      "resolved": "https://registry.npmjs.org/@supabase/auth-js/-/auth-js-2.78.0.tgz",
      "integrity": "sha512-cXDtu1U0LeZj/xfnFoV7yCze37TcbNo8FCxy1FpqhMbB9u9QxxDSW6pA5gm/07Ei7m260Lof4CZx67Cu6DPeig==",
      "license": "MIT",
      "dependencies": {
        "@supabase/node-fetch": "2.6.15",
        "tslib": "2.8.1"
      }
    },
    "node_modules/@supabase/functions-js": {
      "version": "2.78.0",
      "resolved": "https://registry.npmjs.org/@supabase/functions-js/-/functions-js-2.78.0.tgz",
      "integrity": "sha512-t1jOvArBsOINyqaRee1xJ3gryXLvkBzqnKfi6q3YRzzhJbGS6eXz0pXR5fqmJeB01fLC+1njpf3YhMszdPEF7g==",
      "license": "MIT",
      "dependencies": {
        "@supabase/node-fetch": "2.6.15",
        "tslib": "2.8.1"
      }
    },
    "node_modules/@supabase/node-fetch": {
      "version": "2.6.15",
      "resolved": "https://registry.npmjs.org/@supabase/node-fetch/-/node-fetch-2.6.15.tgz",
      "integrity": "sha512-1ibVeYUacxWYi9i0cf5efil6adJ9WRyZBLivgjs+AUpewx1F3xPi7gLgaASI2SmIQxPoCEjAsLAzKPgMJVgOUQ==",
      "license": "MIT",
      "dependencies": {
        "whatwg-url": "^5.0.0"
      },
      "engines": {
        "node": "4.x || >=6.0.0"
      }
    },
    "node_modules/@supabase/postgrest-js": {
      "version": "2.78.0",
      "resolved": "https://registry.npmjs.org/@supabase/postgrest-js/-/postgrest-js-2.78.0.tgz",
      "integrity": "sha512-AwhpYlSvJ+PSnPmIK8sHj7NGDyDENYfQGKrMtpVIEzQA2ApUjgpUGxzXWN4Z0wEtLQsvv7g4y9HVad9Hzo1TNA==",
      "license": "MIT",
      "dependencies": {
        "@supabase/node-fetch": "2.6.15",
        "tslib": "2.8.1"
      }
    },
    "node_modules/@supabase/realtime-js": {
      "version": "2.78.0",
      "resolved": "https://registry.npmjs.org/@supabase/realtime-js/-/realtime-js-2.78.0.tgz",
      "integrity": "sha512-rCs1zmLe7of7hj4s7G9z8rTqzWuNVtmwDr3FiCRCJFawEoa+RQO1xpZGbdeuVvVmKDyVN6b542Okci+117y/LQ==",
      "license": "MIT",
      "dependencies": {
        "@supabase/node-fetch": "2.6.15",
        "@types/phoenix": "^1.6.6",
        "@types/ws": "^8.18.1",
        "tslib": "2.8.1",
        "ws": "^8.18.2"
      }
    },
    "node_modules/@supabase/storage-js": {
      "version": "2.78.0",
      "resolved": "https://registry.npmjs.org/@supabase/storage-js/-/storage-js-2.78.0.tgz",
      "integrity": "sha512-n17P0JbjHOlxqJpkaGFOn97i3EusEKPEbWOpuk1r4t00Wg06B8Z4GUiq0O0n1vUpjiMgJUkLIMuBVp+bEgunzQ==",
      "license": "MIT",
      "dependencies": {
        "@supabase/node-fetch": "2.6.15",
        "tslib": "2.8.1"
      }
    },
    "node_modules/@supabase/supabase-js": {
      "version": "2.78.0",
      "resolved": "https://registry.npmjs.org/@supabase/supabase-js/-/supabase-js-2.78.0.tgz",
      "integrity": "sha512-xYMRNBFmKp2m1gMuwcp/gr/HlfZKqjye1Ib8kJe29XJNsgwsfO/f8skxnWiscFKTlkOKLuBexNgl5L8dzGt6vA==",
      "license": "MIT",
      "dependencies": {
        "@supabase/auth-js": "2.78.0",
        "@supabase/functions-js": "2.78.0",
        "@supabase/node-fetch": "2.6.15",
        "@supabase/postgrest-js": "2.78.0",
        "@supabase/realtime-js": "2.78.0",
        "@supabase/storage-js": "2.78.0"
      }
    },
    "node_modules/@types/jsonwebtoken": {
      "version": "9.0.10",
      "resolved": "https://registry.npmjs.org/@types/jsonwebtoken/-/jsonwebtoken-9.0.10.tgz",
      "integrity": "sha512-asx5hIG9Qmf/1oStypjanR7iKTv0gXQ1Ov/jfrX6kS/EO0OFni8orbmGCn0672NHR3kXHwpAwR+B368ZGN/2rA==",
      "license": "MIT",
      "dependencies": {
        "@types/ms": "*",
        "@types/node": "*"
      }
    },
    "node_modules/@types/ms": {
      "version": "2.1.0",
      "resolved": "https://registry.npmjs.org/@types/ms/-/ms-2.1.0.tgz",
      "integrity": "sha512-GsCCIZDE/p3i96vtEqx+7dBUGXrc7zeSK3wwPHIaRThS+9OhWIXRqzs4d6k1SVU8g91DrNRWxWUGhp5KXQb2VA==",
      "license": "MIT"
    },
    "node_modules/@types/node": {
      "version": "26.0.1",
      "resolved": "https://registry.npmjs.org/@types/node/-/node-26.0.1.tgz",
      "integrity": "sha512-fc3KiUoBt6kie0N9bIW3E47vZsuaMf0PM2AaUpLCLT0s/LvX1nxAim6Fc049cNxODPpGm6qRAuUOB86SkRuPQw==",
      "license": "MIT",
      "dependencies": {
        "undici-types": "~8.3.0"
      }
    },
    "node_modules/@types/phoenix": {
      "version": "1.6.7",
      "resolved": "https://registry.npmjs.org/@types/phoenix/-/phoenix-1.6.7.tgz",
      "integrity": "sha512-oN9ive//QSBkf19rfDv45M7eZPi0eEXylht2OLEXicu5b4KoQ1OzXIw+xDSGWxSxe1JmepRR/ZH283vsu518/Q==",
      "license": "MIT"
    },
    "node_modules/@types/ws": {
      "version": "8.18.1",
      "resolved": "https://registry.npmjs.org/@types/ws/-/ws-8.18.1.tgz",
      "integrity": "sha512-ThVF6DCVhA8kUGy+aazFQ4kXQ7E1Ty7A3ypFOe0IcJV8O/M511G99AW24irKrW56Wt44yG9+ij8FaqoBGkuBXg==",
      "license": "MIT",
      "dependencies": {
        "@types/node": "*"
      }
    },
    "node_modules/buffer-equal-constant-time": {
      "version": "1.0.1",
      "resolved": "https://registry.npmjs.org/buffer-equal-constant-time/-/buffer-equal-constant-time-1.0.1.tgz",
      "integrity": "sha512-zRpUiDwd/xk6ADqPMATG8vc9VPrkck7T07OIx0gnjmJAnHnTVXNQG3vfvWNuiZIkwu9KrKdA1iJKfsfTVxE6NA==",
      "license": "BSD-3-Clause"
    },
    "node_modules/cors": {
      "resolved": "../node_modules/.pnpm/cors@2.8.6/node_modules/cors",
      "link": true
    },
    "node_modules/debug": {
      "version": "4.4.3",
      "resolved": "https://registry.npmjs.org/debug/-/debug-4.4.3.tgz",
      "integrity": "sha512-RGwwWnwQvkVfavKVt22FGLw+xYSdzARwm0ru6DhTVA3umU5hZc28V3kO4stgYryrTlLpuvgI9GiijltAjNbcqA==",
      "license": "MIT",
      "dependencies": {
        "ms": "^2.1.3"
      },
      "engines": {
        "node": ">=6.0"
      },
      "peerDependenciesMeta": {
        "supports-color": {
          "optional": true
        }
      }
    },
    "node_modules/dotenv": {
      "resolved": "../node_modules/.pnpm/dotenv@16.6.1/node_modules/dotenv",
      "link": true
    },
    "node_modules/ecdsa-sig-formatter": {
      "version": "1.0.11",
      "resolved": "https://registry.npmjs.org/ecdsa-sig-formatter/-/ecdsa-sig-formatter-1.0.11.tgz",
      "integrity": "sha512-nagl3RYrbNv6kQkeJIpt6NJZy8twLB/2vtz6yN9Z4vRKHN4/QZJIEbqohALSgwKdnksuY3k5Addp5lg8sVoVcQ==",
      "license": "Apache-2.0",
      "dependencies": {
        "safe-buffer": "^5.0.1"
      }
    },
    "node_modules/express": {
      "resolved": "../node_modules/.pnpm/express@4.22.2/node_modules/express",
      "link": true
    },
    "node_modules/jsonwebtoken": {
      "version": "9.0.3",
      "resolved": "https://registry.npmjs.org/jsonwebtoken/-/jsonwebtoken-9.0.3.tgz",
      "integrity": "sha512-MT/xP0CrubFRNLNKvxJ2BYfy53Zkm++5bX9dtuPbqAeQpTVe0MQTFhao8+Cp//EmJp244xt6Drw/GVEGCUj40g==",
      "license": "MIT",
      "dependencies": {
        "jws": "^4.0.1",
        "lodash.includes": "^4.3.0",
        "lodash.isboolean": "^3.0.3",
        "lodash.isinteger": "^4.0.4",
        "lodash.isnumber": "^3.0.3",
        "lodash.isplainobject": "^4.0.6",
        "lodash.isstring": "^4.0.1",
        "lodash.once": "^4.0.0",
        "ms": "^2.1.1",
        "semver": "^7.5.4"
      },
      "engines": {
        "node": ">=12",
        "npm": ">=6"
      }
    },
    "node_modules/jwa": {
      "version": "2.0.1",
      "resolved": "https://registry.npmjs.org/jwa/-/jwa-2.0.1.tgz",
      "integrity": "sha512-hRF04fqJIP8Abbkq5NKGN0Bbr3JxlQ+qhZufXVr0DvujKy93ZCbXZMHDL4EOtodSbCWxOqR8MS1tXA5hwqCXDg==",
      "license": "MIT",
      "dependencies": {
        "buffer-equal-constant-time": "^1.0.1",
        "ecdsa-sig-formatter": "1.0.11",
        "safe-buffer": "^5.0.1"
      }
    },
    "node_modules/jwks-rsa": {
      "version": "3.2.2",
      "resolved": "https://registry.npmjs.org/jwks-rsa/-/jwks-rsa-3.2.2.tgz",
      "integrity": "sha512-BqTyEDV+lS8F2trk3A+qJnxV5Q9EqKCBJOPti3W97r7qTympCZjb7h2X6f2kc+0K3rsSTY1/6YG2eaXKoj497w==",
      "license": "MIT",
      "dependencies": {
        "@types/jsonwebtoken": "^9.0.4",
        "debug": "^4.3.4",
        "jose": "^4.15.4",
        "limiter": "^1.1.5",
        "lru-memoizer": "^2.2.0"
      },
      "engines": {
        "node": ">=14"
      }
    },
    "node_modules/jwks-rsa/node_modules/jose": {
      "version": "4.15.9",
      "resolved": "https://registry.npmjs.org/jose/-/jose-4.15.9.tgz",
      "integrity": "sha512-1vUQX+IdDMVPj4k8kOxgUqlcK518yluMuGZwqlr44FS1ppZB/5GWh4rZG89erpOBOJjU/OBsnCVFfapsRz6nEA==",
      "license": "MIT",
      "funding": {
        "url": "https://github.com/sponsors/panva"
      }
    },
    "node_modules/jws": {
      "version": "4.0.1",
      "resolved": "https://registry.npmjs.org/jws/-/jws-4.0.1.tgz",
      "integrity": "sha512-EKI/M/yqPncGUUh44xz0PxSidXFr/+r0pA70+gIYhjv+et7yxM+s29Y+VGDkovRofQem0fs7Uvf4+YmAdyRduA==",
      "license": "MIT",
      "dependencies": {
        "jwa": "^2.0.1",
        "safe-buffer": "^5.0.1"
      }
    },
    "node_modules/limiter": {
      "version": "1.1.5",
      "resolved": "https://registry.npmjs.org/limiter/-/limiter-1.1.5.tgz",
      "integrity": "sha512-FWWMIEOxz3GwUI4Ts/IvgVy6LPvoMPgjMdQ185nN6psJyBJ4yOpzqm695/h5umdLJg2vW3GR5iG11MAkR2AzJA=="
    },
    "node_modules/lodash.clonedeep": {
      "version": "4.5.0",
      "resolved": "https://registry.npmjs.org/lodash.clonedeep/-/lodash.clonedeep-4.5.0.tgz",
      "integrity": "sha512-H5ZhCF25riFd9uB5UCkVKo61m3S/xZk1x4wA6yp/L3RFP6Z/eHH1ymQcGLo7J3GMPfm0V/7m1tryHuGVxpqEBQ==",
      "license": "MIT"
    },
    "node_modules/lodash.includes": {
      "version": "4.3.0",
      "resolved": "https://registry.npmjs.org/lodash.includes/-/lodash.includes-4.3.0.tgz",
      "integrity": "sha512-W3Bx6mdkRTGtlJISOvVD/lbqjTlPPUDTMnlXZFnVwi9NKJ6tiAk6LVdlhZMm17VZisqhKcgzpO5Wz91PCt5b0w==",
      "license": "MIT"
    },
    "node_modules/lodash.isboolean": {
      "version": "3.0.3",
      "resolved": "https://registry.npmjs.org/lodash.isboolean/-/lodash.isboolean-3.0.3.tgz",
      "integrity": "sha512-Bz5mupy2SVbPHURB98VAcw+aHh4vRV5IPNhILUCsOzRmsTmSQ17jIuqopAentWoehktxGd9e/hbIXq980/1QJg==",
      "license": "MIT"
    },
    "node_modules/lodash.isinteger": {
      "version": "4.0.4",
      "resolved": "https://registry.npmjs.org/lodash.isinteger/-/lodash.isinteger-4.0.4.tgz",
      "integrity": "sha512-DBwtEWN2caHQ9/imiNeEA5ys1JoRtRfY3d7V9wkqtbycnAmTvRRmbHKDV4a0EYc678/dia0jrte4tjYwVBaZUA==",
      "license": "MIT"
    },
    "node_modules/lodash.isnumber": {
      "version": "3.0.3",
      "resolved": "https://registry.npmjs.org/lodash.isnumber/-/lodash.isnumber-3.0.3.tgz",
      "integrity": "sha512-QYqzpfwO3/CWf3XP+Z+tkQsfaLL/EnUlXWVkIk5FUPc4sBdTehEqZONuyRt2P67PXAk+NXmTBcc97zw9t1FQrw==",
      "license": "MIT"
    },
    "node_modules/lodash.isplainobject": {
      "version": "4.0.6",
      "resolved": "https://registry.npmjs.org/lodash.isplainobject/-/lodash.isplainobject-4.0.6.tgz",
      "integrity": "sha512-oSXzaWypCMHkPC3NvBEaPHf0KsA5mvPrOPgQWDsbg8n7orZ290M0BmC/jgRZ4vcJ6DTAhjrsSYgdsW/F+MFOBA==",
      "license": "MIT"
    },
    "node_modules/lodash.isstring": {
      "version": "4.0.1",
      "resolved": "https://registry.npmjs.org/lodash.isstring/-/lodash.isstring-4.0.1.tgz",
      "integrity": "sha512-0wJxfxH1wgO3GrbuP+dTTk7op+6L41QCXbGINEmD+ny/G/eCqGzxyCsh7159S+mgDDcoarnBw6PC1PS5+wUGgw==",
      "license": "MIT"
    },
    "node_modules/lodash.once": {
      "version": "4.1.1",
      "resolved": "https://registry.npmjs.org/lodash.once/-/lodash.once-4.1.1.tgz",
      "integrity": "sha512-Sb487aTOCr9drQVL8pIxOzVhafOjZN9UU54hiN8PU3uAiSV7lx1yYNpbNmex2PK6dSJoNTSJUUswT651yww3Mg==",
      "license": "MIT"
    },
    "node_modules/lru-cache": {
      "version": "6.0.0",
      "resolved": "https://registry.npmjs.org/lru-cache/-/lru-cache-6.0.0.tgz",
      "integrity": "sha512-Jo6dJ04CmSjuznwJSS3pUeWmd/H0ffTlkXXgwZi+eq1UCmqQwCh+eLsYOYCwY991i2Fah4h1BEMCx4qThGbsiA==",
      "license": "ISC",
      "dependencies": {
        "yallist": "^4.0.0"
      },
      "engines": {
        "node": ">=10"
      }
    },
    "node_modules/lru-memoizer": {
      "version": "2.3.0",
      "resolved": "https://registry.npmjs.org/lru-memoizer/-/lru-memoizer-2.3.0.tgz",
      "integrity": "sha512-GXn7gyHAMhO13WSKrIiNfztwxodVsP8IoZ3XfrJV4yH2x0/OeTO/FIaAHTY5YekdGgW94njfuKmyyt1E0mR6Ug==",
      "license": "MIT",
      "dependencies": {
        "lodash.clonedeep": "^4.5.0",
        "lru-cache": "6.0.0"
      }
    },
    "node_modules/ms": {
      "version": "2.1.3",
      "resolved": "https://registry.npmjs.org/ms/-/ms-2.1.3.tgz",
      "integrity": "sha512-6FlzubTLZG3J2a/NVCAleEhjzq5oxgHyaCU9yYXvcLsvoVaHJq/s5xXI6/XXP6tz7R9xAOtHnSO/tXtF3WRTlA==",
      "license": "MIT"
    },
    "node_modules/safe-buffer": {
      "version": "5.2.1",
      "resolved": "https://registry.npmjs.org/safe-buffer/-/safe-buffer-5.2.1.tgz",
      "integrity": "sha512-rp3So07KcdmmKbGvgaNxQSJr7bGVSVk5S9Eq1F+ppbRo70+YeaDxkw5Dd8NPN+GD6bjnYm2VuPuCXmpuYvmCXQ==",
      "funding": [
        {
          "type": "github",
          "url": "https://github.com/sponsors/feross"
        },
        {
          "type": "patreon",
          "url": "https://www.patreon.com/feross"
        },
        {
          "type": "consulting",
          "url": "https://feross.org/support"
        }
      ],
      "license": "MIT"
    },
    "node_modules/semver": {
      "version": "7.8.5",
      "resolved": "https://registry.npmjs.org/semver/-/semver-7.8.5.tgz",
      "integrity": "sha512-Y7/KDsb8LjooZpwaqGyulO6DQlksgCncchHGk+sZIY4SBvUocMBEFH5Ur1fI4dV+Jvl0w6cjvucaIi40puRioA==",
      "license": "ISC",
      "bin": {
        "semver": "bin/semver.js"
      },
      "engines": {
        "node": ">=10"
      }
    },
    "node_modules/tr46": {
      "version": "0.0.3",
      "resolved": "https://registry.npmjs.org/tr46/-/tr46-0.0.3.tgz",
      "integrity": "sha512-N3WMsuqV66lT30CrXNbEjx4GEwlow3v6rr4mCcv6prnfwhS01rkgyFdjPNBYd9br7LpXV1+Emh01fHnq2Gdgrw==",
      "license": "MIT"
    },
    "node_modules/tslib": {
      "version": "2.8.1",
      "resolved": "https://registry.npmjs.org/tslib/-/tslib-2.8.1.tgz",
      "integrity": "sha512-oJFu94HQb+KVduSUQL7wnpmqnfmLsOA/nAh6b6EH0wCEoK0/mPeXU6c3wKDV83MkOuHPRHtSXKKU99IBazS/2w==",
      "license": "0BSD"
    },
    "node_modules/undici-types": {
      "version": "8.3.0",
      "resolved": "https://registry.npmjs.org/undici-types/-/undici-types-8.3.0.tgz",
      "integrity": "sha512-j375ScV60dom+YkPFIfTLcOiPxkN/buHz5GobjLhixFuANaNs3C9l4GmrWqejgXWJ7BbJcFYpTEUkS1Ge8bpZQ==",
      "license": "MIT"
    },
    "node_modules/uuid": {
      "version": "14.0.1",
      "resolved": "https://registry.npmjs.org/uuid/-/uuid-14.0.1.tgz",
      "integrity": "sha512-6ZxzVpzDXDa3bJWaHilVayA+BH/1zmxCJoVgvmqJnid/gPoKHxUrS/aC/T6LGQtNHT+XHG9fXPJB4d+IrU30Ew==",
      "funding": [
        "https://github.com/sponsors/broofa",
        "https://github.com/sponsors/ctavan"
      ],
      "license": "MIT",
      "bin": {
        "uuid": "dist-node/bin/uuid"
      }
    },
    "node_modules/webidl-conversions": {
      "version": "3.0.1",
      "resolved": "https://registry.npmjs.org/webidl-conversions/-/webidl-conversions-3.0.1.tgz",
      "integrity": "sha512-2JAn3z8AR6rjK8Sm8orRC0h/bcl/DqL7tRPdGZ4I1CjdF+EaMLmYxBHyXuKL849eucPFhvBoxMsflfOb8kxaeQ==",
      "license": "BSD-2-Clause"
    },
    "node_modules/whatwg-url": {
      "version": "5.0.0",
      "resolved": "https://registry.npmjs.org/whatwg-url/-/whatwg-url-5.0.0.tgz",
      "integrity": "sha512-saE57nupxk6v3HY35+jzBwYa0rKSy0XR8JSxZPwgLr7ys0IBzhGviA1/TUGJLmSVqs8pb9AnvICXEuOHLprYTw==",
      "license": "MIT",
      "dependencies": {
        "tr46": "~0.0.3",
        "webidl-conversions": "^3.0.0"
      }
    },
    "node_modules/ws": {
      "version": "8.21.0",
      "resolved": "https://registry.npmjs.org/ws/-/ws-8.21.0.tgz",
      "integrity": "sha512-Vsp28b7DRcimFQvrqu2Wek3z1iYxDCWqHYB8Qsnk/S4RfaCQzPGPyBNuVjJV3cd6UiKtUtp6sNM77gWvzcCH+g==",
      "license": "MIT",
      "engines": {
        "node": ">=10.0.0"
      },
      "peerDependencies": {
        "bufferutil": "^4.0.1",
        "utf-8-validate": ">=5.0.2"
      },
      "peerDependenciesMeta": {
        "bufferutil": {
          "optional": true
        },
        "utf-8-validate": {
          "optional": true
        }
      }
    },
    "node_modules/yallist": {
      "version": "4.0.0",
      "resolved": "https://registry.npmjs.org/yallist/-/yallist-4.0.0.tgz",
      "integrity": "sha512-3wdGidZyq5PB084XLES5TpOSRA3wjXAlIWMhum2kRcv/41Sn2emQ0dycQW4uZXLejwKvg6EsvbdlVL+FYEct7A==",
      "license": "ISC"
    }
  }
}
